
Microsoft Visual Studio Solution File, Format Version 12.00
# Visual Studio Version 16
VisualStudioVersion = 16.0.29728.190
MinimumVisualStudioVersion = 10.0.40219.1
Project("{D2ABAB84-BF74-430A-B69E-9DC6D40DDA17}") = "CBS", "CBS\CBS.dwproj", "{8A930272-7F35-4454-8CB8-467A8E257DD1}"
EndProject
Global
	GlobalSection(SolutionConfigurationPlatforms) = preSolution
		Development|Default = Development|Default
	EndGlobalSection
	GlobalSection(ProjectConfigurationPlatforms) = postSolution
		{8A930272-7F35-4454-8CB8-467A8E257DD1}.Development|Default.ActiveCfg = Development
		{8A930272-7F35-4454-8CB8-467A8E257DD1}.Development|Default.Build.0 = Development
		{8A930272-7F35-4454-8CB8-467A8E257DD1}.Development|Default.Deploy.0 = Development
	EndGlobalSection
	GlobalSection(SolutionProperties) = preSolution
		HideSolutionNode = FALSE
	EndGlobalSection
	GlobalSection(ExtensibilityGlobals) = postSolution
		SolutionGuid = {8B9FD4B3-6B2E-46CB-A1A3-80A39F71C894}
	EndGlobalSection
EndGlobal
